
Microsoft Visual Studio Solution File, Format Version 12.00
# Visual Studio Version 16
VisualStudioVersion = 16.0.29519.87
MinimumVisualStudioVersion = 10.0.40219.1
Project("{2150E333-8FDC-42A3-9474-1A3956D46DE8}") = "hw_01_assets", "hw_01_assets", "{82B966CC-D2FB-4BA5-916F-E9AA1D7DABAE}"
	ProjectSection(SolutionItems) = preProject
		..\..\..\Users\Иван\Desktop\hw_01_assets\HM01Goloviy.drawio = ..\..\..\Users\Иван\Desktop\hw_01_assets\HM01Goloviy.drawio
	EndProjectSection
EndProject
Project("{9A19103F-16F7-4668-BE54-9A1E7A4F7556}") = "hm_06.Task1", "hm_06.Task1\hm_06.Task1.csproj", "{F246F240-5384-4665-8E4C-436F8B57F65C}"
EndProject
Project("{FAE04EC0-301F-11D3-BF4B-00C04F79EFBC}") = "hm_06.Task2", "hm_06.Task2\hm_06.Task2.csproj", "{2C59B6F7-5625-405C-B7E1-CA7AC1877252}"
EndProject
Project("{FAE04EC0-301F-11D3-BF4B-00C04F79EFBC}") = "hm_06.Task3", "hm_06.Task3\hm_06.Task3.csproj", "{38C3F5DD-FA4D-400A-ACAF-2F4582260BEE}"
EndProject
Project("{FAE04EC0-301F-11D3-BF4B-00C04F79EFBC}") = "hm_06.Task3.2", "hm_06.Task3.2\hm_06.Task3.2.csproj", "{33F30B9B-D5EE-4DA1-A85D-C621D34D3D92}"
EndProject
Global
	GlobalSection(SolutionConfigurationPlatforms) = preSolution
		Debug|Any CPU = Debug|Any CPU
		Release|Any CPU = Release|Any CPU
	EndGlobalSection
	GlobalSection(ProjectConfigurationPlatforms) = postSolution
		{F246F240-5384-4665-8E4C-436F8B57F65C}.Debug|Any CPU.ActiveCfg = Debug|Any CPU
		{F246F240-5384-4665-8E4C-436F8B57F65C}.Debug|Any CPU.Build.0 = Debug|Any CPU
		{F246F240-5384-4665-8E4C-436F8B57F65C}.Release|Any CPU.ActiveCfg = Release|Any CPU
		{F246F240-5384-4665-8E4C-436F8B57F65C}.Release|Any CPU.Build.0 = Release|Any CPU
		{2C59B6F7-5625-405C-B7E1-CA7AC1877252}.Debug|Any CPU.ActiveCfg = Debug|Any CPU
		{2C59B6F7-5625-405C-B7E1-CA7AC1877252}.Debug|Any CPU.Build.0 = Debug|Any CPU
		{2C59B6F7-5625-405C-B7E1-CA7AC1877252}.Release|Any CPU.ActiveCfg = Release|Any CPU
		{2C59B6F7-5625-405C-B7E1-CA7AC1877252}.Release|Any CPU.Build.0 = Release|Any CPU
		{38C3F5DD-FA4D-400A-ACAF-2F4582260BEE}.Debug|Any CPU.ActiveCfg = Debug|Any CPU
		{38C3F5DD-FA4D-400A-ACAF-2F4582260BEE}.Debug|Any CPU.Build.0 = Debug|Any CPU
		{38C3F5DD-FA4D-400A-ACAF-2F4582260BEE}.Release|Any CPU.ActiveCfg = Release|Any CPU
		{38C3F5DD-FA4D-400A-ACAF-2F4582260BEE}.Release|Any CPU.Build.0 = Release|Any CPU
		{33F30B9B-D5EE-4DA1-A85D-C621D34D3D92}.Debug|Any CPU.ActiveCfg = Debug|Any CPU
		{33F30B9B-D5EE-4DA1-A85D-C621D34D3D92}.Debug|Any CPU.Build.0 = Debug|Any CPU
		{33F30B9B-D5EE-4DA1-A85D-C621D34D3D92}.Release|Any CPU.ActiveCfg = Release|Any CPU
		{33F30B9B-D5EE-4DA1-A85D-C621D34D3D92}.Release|Any CPU.Build.0 = Release|Any CPU
	EndGlobalSection
	GlobalSection(SolutionProperties) = preSolution
		HideSolutionNode = FALSE
	EndGlobalSection
	GlobalSection(ExtensibilityGlobals) = postSolution
		SolutionGuid = {46B12D39-E631-461A-98DB-01EC16AE5B10}
	EndGlobalSection
EndGlobal
